
Microsoft Visual Studio Solution File, Format Version 12.00
# Visual Studio Version 17
VisualStudioVersion = 17.6.33815.320
MinimumVisualStudioVersion = 10.0.40219.1
Project("{9A19103F-16F7-4668-BE54-9A1E7A4F7556}") = "Test-task", "Test-task\Test-task.csproj", "{BF5791DC-450E-488B-8FEC-DB09E8F97035}"
EndProject
Project("{FAE04EC0-301F-11D3-BF4B-00C04F79EFBC}") = "Test-taskTests", "Test-taskTests\Test-taskTests.csproj", "{6C9B906B-7325-4A4B-9FDB-BB3B2C333A5D}"
EndProject
Global
	GlobalSection(SolutionConfigurationPlatforms) = preSolution
		Debug|Any CPU = Debug|Any CPU
		Release|Any CPU = Release|Any CPU
	EndGlobalSection
	GlobalSection(ProjectConfigurationPlatforms) = postSolution
		{BF5791DC-450E-488B-8FEC-DB09E8F97035}.Debug|Any CPU.ActiveCfg = Debug|Any CPU
		{BF5791DC-450E-488B-8FEC-DB09E8F97035}.Debug|Any CPU.Build.0 = Debug|Any CPU
		{BF5791DC-450E-488B-8FEC-DB09E8F97035}.Release|Any CPU.ActiveCfg = Release|Any CPU
		{BF5791DC-450E-488B-8FEC-DB09E8F97035}.Release|Any CPU.Build.0 = Release|Any CPU
		{6C9B906B-7325-4A4B-9FDB-BB3B2C333A5D}.Debug|Any CPU.ActiveCfg = Debug|Any CPU
		{6C9B906B-7325-4A4B-9FDB-BB3B2C333A5D}.Debug|Any CPU.Build.0 = Debug|Any CPU
		{6C9B906B-7325-4A4B-9FDB-BB3B2C333A5D}.Release|Any CPU.ActiveCfg = Release|Any CPU
		{6C9B906B-7325-4A4B-9FDB-BB3B2C333A5D}.Release|Any CPU.Build.0 = Release|Any CPU
	EndGlobalSection
	GlobalSection(SolutionProperties) = preSolution
		HideSolutionNode = FALSE
	EndGlobalSection
	GlobalSection(ExtensibilityGlobals) = postSolution
		SolutionGuid = {EFE01435-4B30-4787-8E9A-6AF1DA5D70FC}
	EndGlobalSection
EndGlobal
